// !$*UTF8*$!
{
	archiveVersion = 1;
	classes = {
	};
	objectVersion = 55;
	objects = {

/* Begin PBXBuildFile section */
		57D4E9A928C21DD2004EDC72 /* AppDelegate.swift in Sources */ = {isa = PBXBuildFile; fileRef = 57D4E9A828C21DD2004EDC72 /* AppDelegate.swift */; };
		57D4E9AB28C21DD2004EDC72 /* SceneDelegate.swift in Sources */ = {isa = PBXBuildFile; fileRef = 57D4E9AA28C21DD2004EDC72 /* SceneDelegate.swift */; };
		57D4E9AD28C21DD2004EDC72 /* ViewController.swift in Sources */ = {isa = PBXBuildFile; fileRef = 57D4E9AC28C21DD2004EDC72 /* ViewController.swift */; };
		57D4E9B028C21DD2004EDC72 /* Main.storyboard in Resources */ = {isa = PBXBuildFile; fileRef = 57D4E9AE28C21DD2004EDC72 /* Main.storyboard */; };
		57D4E9B228C21DD2004EDC72 /* Assets.xcassets in Resources */ = {isa = PBXBuildFile; fileRef = 57D4E9B128C21DD2004EDC72 /* Assets.xcassets */; };
		57D4E9B528C21DD2004EDC72 /* LaunchScreen.storyboard in Resources */ = {isa = PBXBuildFile; fileRef = 57D4E9B328C21DD2004EDC72 /* LaunchScreen.storyboard */; };
		57D4E9C628C25028004EDC72 /* Toast in Frameworks */ = {isa = PBXBuildFile; productRef = 57D4E9C528C25028004EDC72 /* Toast */; };
/* End PBXBuildFile section */

/* Begin PBXFileReference section */
		57D4E9A528C21DD2004EDC72 /* The Color Literals.app */ = {isa = PBXFileReference; explicitFileType = wrapper.application; includeInIndex = 0; path = "The Color Literals.app"; sourceTree = BUILT_PRODUCTS_DIR; };
		57D4E9A828C21DD2004EDC72 /* AppDelegate.swift */ = {isa = PBXFileReference; lastKnownFileType = sourcecode.swift; path = AppDelegate.swift; sourceTree = "<group>"; };
		57D4E9AA28C21DD2004EDC72 /* SceneDelegate.swift */ = {isa = PBXFileReference; lastKnownFileType = sourcecode.swift; path = SceneDelegate.swift; sourceTree = "<group>"; };
		57D4E9AC28C21DD2004EDC72 /* ViewController.swift */ = {isa = PBXFileReference; lastKnownFileType = sourcecode.swift; path = ViewController.swift; sourceTree = "<group>"; };
		57D4E9AF28C21DD2004EDC72 /* Base */ = {isa = PBXFileReference; lastKnownFileType = file.storyboard; name = Base; path = Base.lproj/Main.storyboard; sourceTree = "<group>"; };
		57D4E9B128C21DD2004EDC72 /* Assets.xcassets */ = {isa = PBXFileReference; lastKnownFileType = folder.assetcatalog; path = Assets.xcassets; sourceTree = "<group>"; };
		57D4E9B428C21DD2004EDC72 /* Base */ = {isa = PBXFileReference; lastKnownFileType = file.storyboard; name = Base; path = Base.lproj/LaunchScreen.storyboard; sourceTree = "<group>"; };
		57D4E9B628C21DD2004EDC72 /* Info.plist */ = {isa = PBXFileReference; lastKnownFileType = text.plist.xml; path = Info.plist; sourceTree = "<group>"; };
/* End PBXFileReference section */

/* Begin PBXFrameworksBuildPhase section */
		57D4E9A228C21DD2004EDC72 /* Frameworks */ = {
			isa = PBXFrameworksBuildPhase;
			buildActionMask = 2147483647;
			files = (
				57D4E9C628C25028004EDC72 /* Toast in Frameworks */,
			);
			runOnlyForDeploymentPostprocessing = 0;
		};
/* End PBXFrameworksBuildPhase section */

/* Begin PBXGroup section */
		57D4E99C28C21DD1004EDC72 = {
			isa = PBXGroup;
			children = (
				57D4E9A728C21DD2004EDC72 /* The Color Literals */,
				57D4E9A628C21DD2004EDC72 /* Products */,
			);
			sourceTree = "<group>";
		};
		57D4E9A628C21DD2004EDC72 /* Products */ = {
			isa = PBXGroup;
			children = (
				57D4E9A528C21DD2004EDC72 /* The Color Literals.app */,
			);
			name = Products;
			sourceTree = "<group>";
		};
		57D4E9A728C21DD2004EDC72 /* The Color Literals */ = {
			isa = PBXGroup;
			children = (
				57D4E9A828C21DD2004EDC72 /* AppDelegate.swift */,
				57D4E9AA28C21DD2004EDC72 /* SceneDelegate.swift */,
				57D4E9BD28C22C91004EDC72 /* View */,
				57D4E9BC28C22C88004EDC72 /* Controller */,
				57D4E9B128C21DD2004EDC72 /* Assets.xcassets */,
				57D4E9B328C21DD2004EDC72 /* LaunchScreen.storyboard */,
				57D4E9B628C21DD2004EDC72 /* Info.plist */,
			);
			path = "The Color Literals";
			sourceTree = "<group>";
		};
		57D4E9BC28C22C88004EDC72 /* Controller */ = {
			isa = PBXGroup;
			children = (
				57D4E9AC28C21DD2004EDC72 /* ViewController.swift */,
			);
			path = Controller;
			sourceTree = "<group>";
		};
		57D4E9BD28C22C91004EDC72 /* View */ = {
			isa = PBXGroup;
			children = (
				57D4E9AE28C21DD2004EDC72 /* Main.storyboard */,
			);
			path = View;
			sourceTree = "<group>";
		};
/* End PBXGroup section */

/* Begin PBXNativeTarget section */
		57D4E9A428C21DD2004EDC72 /* The Color Literals */ = {
			isa = PBXNativeTarget;
			buildConfigurationList = 57D4E9B928C21DD2004EDC72 /* Build configuration list for PBXNativeTarget "The Color Literals" */;
			buildPhases = (
				57D4E9A128C21DD2004EDC72 /* Sources */,
				57D4E9A228C21DD2004EDC72 /* Frameworks */,
				57D4E9A328C21DD2004EDC72 /* Resources */,
			);
			buildRules = (
			);
			dependencies = (
			);
			name = "The Color Literals";
			packageProductDependencies = (
				57D4E9C528C25028004EDC72 /* Toast */,
			);
			productName = "The Color Literals";
			productReference = 57D4E9A528C21DD2004EDC72 /* The Color Literals.app */;
			productType = "com.apple.product-type.application";
		};
/* End PBXNativeTarget section */

/* Begin PBXProject section */
		57D4E99D28C21DD1004EDC72 /* Project object */ = {
			isa = PBXProject;
			attributes = {
				BuildIndependentTargetsInParallel = 1;
				LastSwiftUpdateCheck = 1340;
				LastUpgradeCheck = 1340;
				TargetAttributes = {
					57D4E9A428C21DD2004EDC72 = {
						CreatedOnToolsVersion = 13.4.1;
					};
				};
			};
			buildConfigurationList = 57D4E9A028C21DD1004EDC72 /* Build configuration list for PBXProject "The Color Literals" */;
			compatibilityVersion = "Xcode 13.0";
			developmentRegion = en;
			hasScannedForEncodings = 0;
			knownRegions = (
				en,
				Base,
			);
			mainGroup = 57D4E99C28C21DD1004EDC72;
			packageReferences = (
				57D4E9C428C25028004EDC72 /* XCRemoteSwiftPackageReference "toast-swift" */,
			);
			productRefGroup = 57D4E9A628C21DD2004EDC72 /* Products */;
			projectDirPath = "";
			projectRoot = "";
			targets = (
				57D4E9A428C21DD2004EDC72 /* The Color Literals */,
			);
		};
/* End PBXProject section */

/* Begin PBXResourcesBuildPhase section */
		57D4E9A328C21DD2004EDC72 /* Resources */ = {
			isa = PBXResourcesBuildPhase;
			buildActionMask = 2147483647;
			files = (
				57D4E9B528C21DD2004EDC72 /* LaunchScreen.storyboard in Resources */,
				57D4E9B228C21DD2004EDC72 /* Assets.xcassets in Resources */,
				57D4E9B028C21DD2004EDC72 /* Main.storyboard in Resources */,
			);
			runOnlyForDeploymentPostprocessing = 0;
		};
/* End PBXResourcesBuildPhase section */

/* Begin PBXSourcesBuildPhase section */
		57D4E9A128C21DD2004EDC72 /* Sources */ = {
			isa = PBXSourcesBuildPhase;
			buildActionMask = 2147483647;
			files = (
				57D4E9AD28C21DD2004EDC72 /* ViewController.swift in Sources */,
				57D4E9A928C21DD2004EDC72 /* AppDelegate.swift in Sources */,
				57D4E9AB28C21DD2004EDC72 /* SceneDelegate.swift in Sources */,
			);
			runOnlyForDeploymentPostprocessing = 0;
		};
/* End PBXSourcesBuildPhase section */

/* Begin PBXVariantGroup section */
		57D4E9AE28C21DD2004EDC72 /* Main.storyboard */ = {
			isa = PBXVariantGroup;
			children = (
				57D4E9AF28C21DD2004EDC72 /* Base */,
			);
			name = Main.storyboard;
			sourceTree = "<group>";
		};
		57D4E9B328C21DD2004EDC72 /* LaunchScreen.storyboard */ = {
			isa = PBXVariantGroup;
			children = (
				57D4E9B428C21DD2004EDC72 /* Base */,
			);
			name = LaunchScreen.storyboard;
			sourceTree = "<group>";
		};
/* End PBXVariantGroup section */

/* Begin XCBuildConfiguration section */
		57D4E9B728C21DD2004EDC72 /* Debug */ = {
			isa = XCBuildConfiguration;
			buildSettings = {
				ALWAYS_SEARCH_USER_PATHS = NO;
				CLANG_ANALYZER_NONNULL = YES;
				CLANG_ANALYZER_NUMBER_OBJECT_CONVERSION = YES_AGGRESSIVE;
				CLANG_CXX_LANGUAGE_STANDARD = "gnu++17";
				CLANG_ENABLE_MODULES = YES;
				CLANG_ENABLE_OBJC_ARC = YES;
				CLANG_ENABLE_OBJC_WEAK = YES;
				CLANG_WARN_BLOCK_CAPTURE_AUTORELEASING = YES;
				CLANG_WARN_BOOL_CONVERSION = YES;
				CLANG_WARN_COMMA = YES;
				CLANG_WARN_CONSTANT_CONVERSION = YES;
				CLANG_WARN_DEPRECATED_OBJC_IMPLEMENTATIONS = YES;
				CLANG_WARN_DIRECT_OBJC_ISA_USAGE = YES_ERROR;
				CLANG_WARN_DOCUMENTATION_COMMENTS = YES;
				CLANG_WARN_EMPTY_BODY = YES;
				CLANG_WARN_ENUM_CONVERSION = YES;
				CLANG_WARN_INFINITE_RECURSION = YES;
				CLANG_WARN_INT_CONVERSION = YES;
				CLANG_WARN_NON_LITERAL_NULL_CONVERSION = YES;
				CLANG_WARN_OBJC_IMPLICIT_RETAIN_SELF = YES;
				CLANG_WARN_OBJC_LITERAL_CONVERSION = YES;
				CLANG_WARN_OBJC_ROOT_CLASS = YES_ERROR;
				CLANG_WARN_QUOTED_INCLUDE_IN_FRAMEWORK_HEADER = YES;
				CLANG_WARN_RANGE_LOOP_ANALYSIS = YES;
				CLANG_WARN_STRICT_PROTOTYPES = YES;
				CLANG_WARN_SUSPICIOUS_MOVE = YES;
				CLANG_WARN_UNGUARDED_AVAILABILITY = YES_AGGRESSIVE;
				CLANG_WARN_UNREACHABLE_CODE = YES;
				CLANG_WARN__DUPLICATE_METHOD_MATCH = YES;
				COPY_PHASE_STRIP = NO;
				DEBUG_INFORMATION_FORMAT = dwarf;
				ENABLE_STRICT_OBJC_MSGSEND = YES;
				ENABLE_TESTABILITY = YES;
				GCC_C_LANGUAGE_STANDARD = gnu11;
				GCC_DYNAMIC_NO_PIC = NO;
				GCC_NO_COMMON_BLOCKS = YES;
				GCC_OPTIMIZATION_LEVEL = 0;
				GCC_PREPROCESSOR_DEFINITIONS = (
					"DEBUG=1",
					"$(inherited)",
				);
				GCC_WARN_64_TO_32_BIT_CONVERSION = YES;
				GCC_WARN_ABOUT_RETURN_TYPE = YES_ERROR;
				GCC_WARN_UNDECLARED_SELECTOR = YES;
				GCC_WARN_UNINITIALIZED_AUTOS = YES_AGGRESSIVE;
				GCC_WARN_UNUSED_FUNCTION = YES;
				GCC_WARN_UNUSED_VARIABLE = YES;
				IPHONEOS_DEPLOYMENT_TARGET = 15.5;
				MTL_ENABLE_DEBUG_INFO = INCLUDE_SOURCE;
				MTL_FAST_MATH = YES;
				ONLY_ACTIVE_ARCH = YES;
				SDKROOT = iphoneos;
				SWIFT_ACTIVE_COMPILATION_CONDITIONS = DEBUG;
				SWIFT_OPTIMIZATION_LEVEL = "-Onone";
			};
			name = Debug;
		};
		57D4E9B828C21DD2004EDC72 /* Release */ = {
			isa = XCBuildConfiguration;
			buildSettings = {
				ALWAYS_SEARCH_USER_PATHS = NO;
				CLANG_ANALYZER_NONNULL = YES;
				CLANG_ANALYZER_NUMBER_OBJECT_CONVERSION = YES_AGGRESSIVE;
				CLANG_CXX_LANGUAGE_STANDARD = "gnu++17";
				CLANG_ENABLE_MODULES = YES;
				CLANG_ENABLE_OBJC_ARC = YES;
				CLANG_ENABLE_OBJC_WEAK = YES;
				CLANG_WARN_BLOCK_CAPTURE_AUTORELEASING = YES;
				CLANG_WARN_BOOL_CONVERSION = YES;
				CLANG_WARN_COMMA = YES;
				CLANG_WARN_CONSTANT_CONVERSION = YES;
				CLANG_WARN_DEPRECATED_OBJC_IMPLEMENTATIONS = YES;
				CLANG_WARN_DIRECT_OBJC_ISA_USAGE = YES_ERROR;
				CLANG_WARN_DOCUMENTATION_COMMENTS = YES;
				CLANG_WARN_EMPTY_BODY = YES;
				CLANG_WARN_ENUM_CONVERSION = YES;
				CLANG_WARN_INFINITE_RECURSION = YES;
				CLANG_WARN_INT_CONVERSION = YES;
				CLANG_WARN_NON_LITERAL_NULL_CONVERSION = YES;
				CLANG_WARN_OBJC_IMPLICIT_RETAIN_SELF = YES;
				CLANG_WARN_OBJC_LITERAL_CONVERSION = YES;
				CLANG_WARN_OBJC_ROOT_CLASS = YES_ERROR;
				CLANG_WARN_QUOTED_INCLUDE_IN_FRAMEWORK_HEADER = YES;
				CLANG_WARN_RANGE_LOOP_ANALYSIS = YES;
				CLANG_WARN_STRICT_PROTOTYPES = YES;
				CLANG_WARN_SUSPICIOUS_MOVE = YES;
				CLANG_WARN_UNGUARDED_AVAILABILITY = YES_AGGRESSIVE;
				CLANG_WARN_UNREACHABLE_CODE = YES;
				CLANG_WARN__DUPLICATE_METHOD_MATCH = YES;
				COPY_PHASE_STRIP = NO;
				DEBUG_INFORMATION_FORMAT = "dwarf-with-dsym";
				ENABLE_NS_ASSERTIONS = NO;
				ENABLE_STRICT_OBJC_MSGSEND = YES;
				GCC_C_LANGUAGE_STANDARD = gnu11;
				GCC_NO_COMMON_BLOCKS = YES;
				GCC_WARN_64_TO_32_BIT_CONVERSION = YES;
				GCC_WARN_ABOUT_RETURN_TYPE = YES_ERROR;
				GCC_WARN_UNDECLARED_SELECTOR = YES;
				GCC_WARN_UNINITIALIZED_AUTOS = YES_AGGRESSIVE;
				GCC_WARN_UNUSED_FUNCTION = YES;
				GCC_WARN_UNUSED_VARIABLE = YES;
				IPHONEOS_DEPLOYMENT_TARGET = 15.5;
				MTL_ENABLE_DEBUG_INFO = NO;
				MTL_FAST_MATH = YES;
				SDKROOT = iphoneos;
				SWIFT_COMPILATION_MODE = wholemodule;
				SWIFT_OPTIMIZATION_LEVEL = "-O";
				VALIDATE_PRODUCT = YES;
			};
			name = Release;
		};
		57D4E9BA28C21DD2004EDC72 /* Debug */ = {
			isa = XCBuildConfiguration;
			buildSettings = {
				ASSETCATALOG_COMPILER_APPICON_NAME = AppIcon;
				ASSETCATALOG_COMPILER_GLOBAL_ACCENT_COLOR_NAME = AccentColor;
				CODE_SIGN_STYLE = Automatic;
				CURRENT_PROJECT_VERSION = 1;
				DEVELOPMENT_TEAM = 2W8TC22856;
				GENERATE_INFOPLIST_FILE = YES;
				INFOPLIST_FILE = "The Color Literals/Info.plist";
				INFOPLIST_KEY_UIApplicationSupportsIndirectInputEvents = YES;
				INFOPLIST_KEY_UILaunchStoryboardName = LaunchScreen;
				INFOPLIST_KEY_UIMainStoryboardFile = Main;
				INFOPLIST_KEY_UISupportedInterfaceOrientations_iPad = "UIInterfaceOrientationPortrait UIInterfaceOrientationPortraitUpsideDown UIInterfaceOrientationLandscapeLeft UIInterfaceOrientationLandscapeRight";
				INFOPLIST_KEY_UISupportedInterfaceOrientations_iPhone = "UIInterfaceOrientationPortrait UIInterfaceOrientationLandscapeLeft UIInterfaceOrientationLandscapeRight";
				LD_RUNPATH_SEARCH_PATHS = (
					"$(inherited)",
					"@executable_path/Frameworks",
				);
				MARKETING_VERSION = 1.0;
				PRODUCT_BUNDLE_IDENTIFIER = "com.anugrahangga.The-Color-Literals";
				PRODUCT_NAME = "$(TARGET_NAME)";
				SWIFT_EMIT_LOC_STRINGS = YES;
				SWIFT_VERSION = 5.0;
				TARGETED_DEVICE_FAMILY = "1,2";
			};
			name = Debug;
		};
		57D4E9BB28C21DD2004EDC72 /* Release */ = {
			isa = XCBuildConfiguration;
			buildSettings = {
				ASSETCATALOG_COMPILER_APPICON_NAME = AppIcon;
				ASSETCATALOG_COMPILER_GLOBAL_ACCENT_COLOR_NAME = AccentColor;
				CODE_SIGN_STYLE = Automatic;
				CURRENT_PROJECT_VERSION = 1;
				DEVELOPMENT_TEAM = 2W8TC22856;
				GENERATE_INFOPLIST_FILE = YES;
				INFOPLIST_FILE = "The Color Literals/Info.plist";
				INFOPLIST_KEY_UIApplicationSupportsIndirectInputEvents = YES;
				INFOPLIST_KEY_UILaunchStoryboardName = LaunchScreen;
				INFOPLIST_KEY_UIMainStoryboardFile = Main;
				INFOPLIST_KEY_UISupportedInterfaceOrientations_iPad = "UIInterfaceOrientationPortrait UIInterfaceOrientationPortraitUpsideDown UIInterfaceOrientationLandscapeLeft UIInterfaceOrientationLandscapeRight";
				INFOPLIST_KEY_UISupportedInterfaceOrientations_iPhone = "UIInterfaceOrientationPortrait UIInterfaceOrientationLandscapeLeft UIInterfaceOrientationLandscapeRight";
				LD_RUNPATH_SEARCH_PATHS = (
					"$(inherited)",
					"@executable_path/Frameworks",
				);
				MARKETING_VERSION = 1.0;
				PRODUCT_BUNDLE_IDENTIFIER = "com.anugrahangga.The-Color-Literals";
				PRODUCT_NAME = "$(TARGET_NAME)";
				SWIFT_EMIT_LOC_STRINGS = YES;
				SWIFT_VERSION = 5.0;
				TARGETED_DEVICE_FAMILY = "1,2";
			};
			name = Release;
		};
/* End XCBuildConfiguration section */

/* Begin XCConfigurationList section */
		57D4E9A028C21DD1004EDC72 /* Build configuration list for PBXProject "The Color Literals" */ = {
			isa = XCConfigurationList;
			buildConfigurations = (
				57D4E9B728C21DD2004EDC72 /* Debug */,
				57D4E9B828C21DD2004EDC72 /* Release */,
			);
			defaultConfigurationIsVisible = 0;
			defaultConfigurationName = Release;
		};
		57D4E9B928C21DD2004EDC72 /* Build configuration list for PBXNativeTarget "The Color Literals" */ = {
			isa = XCConfigurationList;
			buildConfigurations = (
				57D4E9BA28C21DD2004EDC72 /* Debug */,
				57D4E9BB28C21DD2004EDC72 /* Release */,
			);
			defaultConfigurationIsVisible = 0;
			defaultConfigurationName = Release;
		};
/* End XCConfigurationList section */

/* Begin XCRemoteSwiftPackageReference section */
		57D4E9C428C25028004EDC72 /* XCRemoteSwiftPackageReference "toast-swift" */ = {
			isa = XCRemoteSwiftPackageReference;
			repositoryURL = "https://github.com/BastiaanJansen/toast-swift";
			requirement = {
				kind = upToNextMajorVersion;
				minimumVersion = 1.0.0;
			};
		};
/* End XCRemoteSwiftPackageReference section */

/* Begin XCSwiftPackageProductDependency section */
		57D4E9C528C25028004EDC72 /* Toast */ = {
			isa = XCSwiftPackageProductDependency;
			package = 57D4E9C428C25028004EDC72 /* XCRemoteSwiftPackageReference "toast-swift" */;
			productName = Toast;
		};
/* End XCSwiftPackageProductDependency section */
	};
	rootObject = 57D4E99D28C21DD1004EDC72 /* Project object */;
}
