{
  "pins" : [
    {
      "identity" : "toast-swift",
      "kind" : "remoteSourceControl",
      "location" : "https://github.com/BastiaanJansen/toast-swift",
      "state" : {
        "revision" : "3435ac78bbcbc6ac066882191d7550415a03f53a",
        "version" : "1.1.0"
      }
    }
  ],
  "version" : 2
}
